
Microsoft Visual Studio Solution File, Format Version 12.00
Project("{FAE04EC0-301F-11D3-BF4B-00C04F79EFBC}") = "ProductSaleAndRentalAPI", "ProductSaleAndRentalAPI\ProductSaleAndRentalAPI.csproj", "{001D83BB-A40F-41E6-A03B-1A2F2F553B3C}"
EndProject
Global
	GlobalSection(SolutionConfigurationPlatforms) = preSolution
		Debug|Any CPU = Debug|Any CPU
		Release|Any CPU = Release|Any CPU
	EndGlobalSection
	GlobalSection(ProjectConfigurationPlatforms) = postSolution
		{001D83BB-A40F-41E6-A03B-1A2F2F553B3C}.Debug|Any CPU.ActiveCfg = Debug|Any CPU
		{001D83BB-A40F-41E6-A03B-1A2F2F553B3C}.Debug|Any CPU.Build.0 = Debug|Any CPU
		{001D83BB-A40F-41E6-A03B-1A2F2F553B3C}.Release|Any CPU.ActiveCfg = Release|Any CPU
		{001D83BB-A40F-41E6-A03B-1A2F2F553B3C}.Release|Any CPU.Build.0 = Release|Any CPU
	EndGlobalSection
EndGlobal
